// !$*UTF8*$!
{
	archiveVersion = 1;
	classes = {
	};
	objectVersion = 51;
	objects = {

/* Begin PBXBuildFile section */
		B51F5469224BED81003766AF /* Main.storyboard in Resources */ = {isa = PBXBuildFile; fileRef = B51F5468224BED81003766AF /* Main.storyboard */; };
		B51F546C224BED98003766AF /* LaunchScreen.storyboard in Resources */ = {isa = PBXBuildFile; fileRef = B51F546B224BED98003766AF /* LaunchScreen.storyboard */; };
		B547E8AF224BED2A00A8DCA1 /* AppDelegate.swift in Sources */ = {isa = PBXBuildFile; fileRef = B547E8AE224BED2A00A8DCA1 /* AppDelegate.swift */; };
		B547E8B1224BED2A00A8DCA1 /* CameraViewController.swift in Sources */ = {isa = PBXBuildFile; fileRef = B547E8B0224BED2A00A8DCA1 /* CameraViewController.swift */; };
		B547E8B6224BED2C00A8DCA1 /* Assets.xcassets in Resources */ = {isa = PBXBuildFile; fileRef = B547E8B5224BED2C00A8DCA1 /* Assets.xcassets */; };
/* End PBXBuildFile section */

/* Begin PBXFileReference section */
		B51F5468224BED81003766AF /* Main.storyboard */ = {isa = PBXFileReference; fileEncoding = 4; lastKnownFileType = file.storyboard; path = Main.storyboard; sourceTree = "<group>"; };
		B51F546B224BED98003766AF /* LaunchScreen.storyboard */ = {isa = PBXFileReference; fileEncoding = 4; lastKnownFileType = file.storyboard; path = LaunchScreen.storyboard; sourceTree = "<group>"; };
		B547E8AB224BED2A00A8DCA1 /* AVFQS Part 1.app */ = {isa = PBXFileReference; explicitFileType = wrapper.application; includeInIndex = 0; path = "AVFQS Part 1.app"; sourceTree = BUILT_PRODUCTS_DIR; };
		B547E8AE224BED2A00A8DCA1 /* AppDelegate.swift */ = {isa = PBXFileReference; lastKnownFileType = sourcecode.swift; path = AppDelegate.swift; sourceTree = "<group>"; };
		B547E8B0224BED2A00A8DCA1 /* CameraViewController.swift */ = {isa = PBXFileReference; lastKnownFileType = sourcecode.swift; path = CameraViewController.swift; sourceTree = "<group>"; };
		B547E8B5224BED2C00A8DCA1 /* Assets.xcassets */ = {isa = PBXFileReference; lastKnownFileType = folder.assetcatalog; path = Assets.xcassets; sourceTree = "<group>"; };
		B547E8BA224BED2C00A8DCA1 /* Info.plist */ = {isa = PBXFileReference; lastKnownFileType = text.plist.xml; path = Info.plist; sourceTree = "<group>"; };
/* End PBXFileReference section */

/* Begin PBXFrameworksBuildPhase section */
		B547E8A8224BED2A00A8DCA1 /* Frameworks */ = {
			isa = PBXFrameworksBuildPhase;
			buildActionMask = 2147483647;
			files = (
			);
			runOnlyForDeploymentPostprocessing = 0;
		};
/* End PBXFrameworksBuildPhase section */

/* Begin PBXGroup section */
		B51F546D224BEDA2003766AF /* Source */ = {
			isa = PBXGroup;
			children = (
				B547E8AE224BED2A00A8DCA1 /* AppDelegate.swift */,
				B51F5468224BED81003766AF /* Main.storyboard */,
				B547E8B0224BED2A00A8DCA1 /* CameraViewController.swift */,
			);
			path = Source;
			sourceTree = "<group>";
		};
		B51F546E224BEDA6003766AF /* Assets */ = {
			isa = PBXGroup;
			children = (
				B51F546B224BED98003766AF /* LaunchScreen.storyboard */,
				B547E8B5224BED2C00A8DCA1 /* Assets.xcassets */,
			);
			path = Assets;
			sourceTree = "<group>";
		};
		B51F546F224BEDAA003766AF /* Supporting Files */ = {
			isa = PBXGroup;
			children = (
				B547E8BA224BED2C00A8DCA1 /* Info.plist */,
			);
			path = "Supporting Files";
			sourceTree = "<group>";
		};
		B547E8A2224BED2A00A8DCA1 = {
			isa = PBXGroup;
			children = (
				B547E8AD224BED2A00A8DCA1 /* AVFoundation Quick Start Part 1 */,
				B547E8AC224BED2A00A8DCA1 /* Products */,
			);
			sourceTree = "<group>";
		};
		B547E8AC224BED2A00A8DCA1 /* Products */ = {
			isa = PBXGroup;
			children = (
				B547E8AB224BED2A00A8DCA1 /* AVFQS Part 1.app */,
			);
			name = Products;
			sourceTree = "<group>";
		};
		B547E8AD224BED2A00A8DCA1 /* AVFoundation Quick Start Part 1 */ = {
			isa = PBXGroup;
			children = (
				B51F546D224BEDA2003766AF /* Source */,
				B51F546E224BEDA6003766AF /* Assets */,
				B51F546F224BEDAA003766AF /* Supporting Files */,
			);
			path = "AVFoundation Quick Start Part 1";
			sourceTree = "<group>";
		};
/* End PBXGroup section */

/* Begin PBXNativeTarget section */
		B547E8AA224BED2A00A8DCA1 /* AVFoundation Quick Start Part 1 */ = {
			isa = PBXNativeTarget;
			buildConfigurationList = B547E8BD224BED2C00A8DCA1 /* Build configuration list for PBXNativeTarget "AVFoundation Quick Start Part 1" */;
			buildPhases = (
				B547E8A7224BED2A00A8DCA1 /* Sources */,
				B547E8A8224BED2A00A8DCA1 /* Frameworks */,
				B547E8A9224BED2A00A8DCA1 /* Resources */,
			);
			buildRules = (
			);
			dependencies = (
			);
			name = "AVFoundation Quick Start Part 1";
			productName = "AVFoundation Quick Start";
			productReference = B547E8AB224BED2A00A8DCA1 /* AVFQS Part 1.app */;
			productType = "com.apple.product-type.application";
		};
/* End PBXNativeTarget section */

/* Begin PBXProject section */
		B547E8A3224BED2A00A8DCA1 /* Project object */ = {
			isa = PBXProject;
			attributes = {
				LastSwiftUpdateCheck = 1020;
				LastUpgradeCheck = 1020;
				ORGANIZATIONNAME = UnalignedByte;
				TargetAttributes = {
					B547E8AA224BED2A00A8DCA1 = {
						CreatedOnToolsVersion = 10.2;
					};
				};
			};
			buildConfigurationList = B547E8A6224BED2A00A8DCA1 /* Build configuration list for PBXProject "AVFoundation Quick Start Part 1" */;
			compatibilityVersion = "Xcode 10.0";
			developmentRegion = en;
			hasScannedForEncodings = 0;
			knownRegions = (
				en,
				Base,
			);
			mainGroup = B547E8A2224BED2A00A8DCA1;
			productRefGroup = B547E8AC224BED2A00A8DCA1 /* Products */;
			projectDirPath = "";
			projectRoot = "";
			targets = (
				B547E8AA224BED2A00A8DCA1 /* AVFoundation Quick Start Part 1 */,
			);
		};
/* End PBXProject section */

/* Begin PBXResourcesBuildPhase section */
		B547E8A9224BED2A00A8DCA1 /* Resources */ = {
			isa = PBXResourcesBuildPhase;
			buildActionMask = 2147483647;
			files = (
				B51F546C224BED98003766AF /* LaunchScreen.storyboard in Resources */,
				B51F5469224BED81003766AF /* Main.storyboard in Resources */,
				B547E8B6224BED2C00A8DCA1 /* Assets.xcassets in Resources */,
			);
			runOnlyForDeploymentPostprocessing = 0;
		};
/* End PBXResourcesBuildPhase section */

/* Begin PBXSourcesBuildPhase section */
		B547E8A7224BED2A00A8DCA1 /* Sources */ = {
			isa = PBXSourcesBuildPhase;
			buildActionMask = 2147483647;
			files = (
				B547E8B1224BED2A00A8DCA1 /* CameraViewController.swift in Sources */,
				B547E8AF224BED2A00A8DCA1 /* AppDelegate.swift in Sources */,
			);
			runOnlyForDeploymentPostprocessing = 0;
		};
/* End PBXSourcesBuildPhase section */

/* Begin XCBuildConfiguration section */
		B547E8BB224BED2C00A8DCA1 /* Debug */ = {
			isa = XCBuildConfiguration;
			buildSettings = {
				ALWAYS_SEARCH_USER_PATHS = NO;
				CLANG_ANALYZER_NONNULL = YES;
				CLANG_ANALYZER_NUMBER_OBJECT_CONVERSION = YES_AGGRESSIVE;
				CLANG_CXX_LANGUAGE_STANDARD = "gnu++14";
				CLANG_CXX_LIBRARY = "libc++";
				CLANG_ENABLE_MODULES = YES;
				CLANG_ENABLE_OBJC_ARC = YES;
				CLANG_ENABLE_OBJC_WEAK = YES;
				CLANG_WARN_BLOCK_CAPTURE_AUTORELEASING = YES;
				CLANG_WARN_BOOL_CONVERSION = YES;
				CLANG_WARN_COMMA = YES;
				CLANG_WARN_CONSTANT_CONVERSION = YES;
				CLANG_WARN_DEPRECATED_OBJC_IMPLEMENTATIONS = YES;
				CLANG_WARN_DIRECT_OBJC_ISA_USAGE = YES_ERROR;
				CLANG_WARN_DOCUMENTATION_COMMENTS = YES;
				CLANG_WARN_EMPTY_BODY = YES;
				CLANG_WARN_ENUM_CONVERSION = YES;
				CLANG_WARN_INFINITE_RECURSION = YES;
				CLANG_WARN_INT_CONVERSION = YES;
				CLANG_WARN_NON_LITERAL_NULL_CONVERSION = YES;
				CLANG_WARN_OBJC_IMPLICIT_RETAIN_SELF = YES;
				CLANG_WARN_OBJC_LITERAL_CONVERSION = YES;
				CLANG_WARN_OBJC_ROOT_CLASS = YES_ERROR;
				CLANG_WARN_RANGE_LOOP_ANALYSIS = YES;
				CLANG_WARN_STRICT_PROTOTYPES = YES;
				CLANG_WARN_SUSPICIOUS_MOVE = YES;
				CLANG_WARN_UNGUARDED_AVAILABILITY = YES_AGGRESSIVE;
				CLANG_WARN_UNREACHABLE_CODE = YES;
				CLANG_WARN__DUPLICATE_METHOD_MATCH = YES;
				CODE_SIGN_IDENTITY = "iPhone Developer";
				COPY_PHASE_STRIP = NO;
				DEBUG_INFORMATION_FORMAT = dwarf;
				ENABLE_STRICT_OBJC_MSGSEND = YES;
				ENABLE_TESTABILITY = YES;
				GCC_C_LANGUAGE_STANDARD = gnu11;
				GCC_DYNAMIC_NO_PIC = NO;
				GCC_NO_COMMON_BLOCKS = YES;
				GCC_OPTIMIZATION_LEVEL = 0;
				GCC_PREPROCESSOR_DEFINITIONS = (
					"DEBUG=1",
					"$(inherited)",
				);
				GCC_WARN_64_TO_32_BIT_CONVERSION = YES;
				GCC_WARN_ABOUT_RETURN_TYPE = YES_ERROR;
				GCC_WARN_UNDECLARED_SELECTOR = YES;
				GCC_WARN_UNINITIALIZED_AUTOS = YES_AGGRESSIVE;
				GCC_WARN_UNUSED_FUNCTION = YES;
				GCC_WARN_UNUSED_VARIABLE = YES;
				IPHONEOS_DEPLOYMENT_TARGET = 12.0;
				MTL_ENABLE_DEBUG_INFO = INCLUDE_SOURCE;
				MTL_FAST_MATH = YES;
				ONLY_ACTIVE_ARCH = YES;
				SDKROOT = iphoneos;
				SWIFT_ACTIVE_COMPILATION_CONDITIONS = DEBUG;
				SWIFT_OPTIMIZATION_LEVEL = "-Onone";
				SWIFT_VERSION = 5.0;
			};
			name = Debug;
		};
		B547E8BC224BED2C00A8DCA1 /* Release */ = {
			isa = XCBuildConfiguration;
			buildSettings = {
				ALWAYS_SEARCH_USER_PATHS = NO;
				CLANG_ANALYZER_NONNULL = YES;
				CLANG_ANALYZER_NUMBER_OBJECT_CONVERSION = YES_AGGRESSIVE;
				CLANG_CXX_LANGUAGE_STANDARD = "gnu++14";
				CLANG_CXX_LIBRARY = "libc++";
				CLANG_ENABLE_MODULES = YES;
				CLANG_ENABLE_OBJC_ARC = YES;
				CLANG_ENABLE_OBJC_WEAK = YES;
				CLANG_WARN_BLOCK_CAPTURE_AUTORELEASING = YES;
				CLANG_WARN_BOOL_CONVERSION = YES;
				CLANG_WARN_COMMA = YES;
				CLANG_WARN_CONSTANT_CONVERSION = YES;
				CLANG_WARN_DEPRECATED_OBJC_IMPLEMENTATIONS = YES;
				CLANG_WARN_DIRECT_OBJC_ISA_USAGE = YES_ERROR;
				CLANG_WARN_DOCUMENTATION_COMMENTS = YES;
				CLANG_WARN_EMPTY_BODY = YES;
				CLANG_WARN_ENUM_CONVERSION = YES;
				CLANG_WARN_INFINITE_RECURSION = YES;
				CLANG_WARN_INT_CONVERSION = YES;
				CLANG_WARN_NON_LITERAL_NULL_CONVERSION = YES;
				CLANG_WARN_OBJC_IMPLICIT_RETAIN_SELF = YES;
				CLANG_WARN_OBJC_LITERAL_CONVERSION = YES;
				CLANG_WARN_OBJC_ROOT_CLASS = YES_ERROR;
				CLANG_WARN_RANGE_LOOP_ANALYSIS = YES;
				CLANG_WARN_STRICT_PROTOTYPES = YES;
				CLANG_WARN_SUSPICIOUS_MOVE = YES;
				CLANG_WARN_UNGUARDED_AVAILABILITY = YES_AGGRESSIVE;
				CLANG_WARN_UNREACHABLE_CODE = YES;
				CLANG_WARN__DUPLICATE_METHOD_MATCH = YES;
				CODE_SIGN_IDENTITY = "iPhone Developer";
				COPY_PHASE_STRIP = NO;
				DEBUG_INFORMATION_FORMAT = "dwarf-with-dsym";
				ENABLE_NS_ASSERTIONS = NO;
				ENABLE_STRICT_OBJC_MSGSEND = YES;
				GCC_C_LANGUAGE_STANDARD = gnu11;
				GCC_NO_COMMON_BLOCKS = YES;
				GCC_WARN_64_TO_32_BIT_CONVERSION = YES;
				GCC_WARN_ABOUT_RETURN_TYPE = YES_ERROR;
				GCC_WARN_UNDECLARED_SELECTOR = YES;
				GCC_WARN_UNINITIALIZED_AUTOS = YES_AGGRESSIVE;
				GCC_WARN_UNUSED_FUNCTION = YES;
				GCC_WARN_UNUSED_VARIABLE = YES;
				IPHONEOS_DEPLOYMENT_TARGET = 12.0;
				MTL_ENABLE_DEBUG_INFO = NO;
				MTL_FAST_MATH = YES;
				SDKROOT = iphoneos;
				SWIFT_COMPILATION_MODE = wholemodule;
				SWIFT_OPTIMIZATION_LEVEL = "-O";
				SWIFT_VERSION = 5.0;
				VALIDATE_PRODUCT = YES;
			};
			name = Release;
		};
		B547E8BE224BED2C00A8DCA1 /* Debug */ = {
			isa = XCBuildConfiguration;
			buildSettings = {
				ASSETCATALOG_COMPILER_APPICON_NAME = AppIcon;
				CODE_SIGN_STYLE = Automatic;
				DEVELOPMENT_TEAM = "";
				INFOPLIST_FILE = "$(SRCROOT)/AVFoundation Quick Start Part 1/Supporting Files/Info.plist";
				LD_RUNPATH_SEARCH_PATHS = (
					"$(inherited)",
					"@executable_path/Frameworks",
				);
				PRODUCT_BUNDLE_IDENTIFIER = "com.unalignedbyte.avfoundation-quick-start-part-1";
				PRODUCT_NAME = "AVFQS Part 1";
				TARGETED_DEVICE_FAMILY = 1;
			};
			name = Debug;
		};
		B547E8BF224BED2C00A8DCA1 /* Release */ = {
			isa = XCBuildConfiguration;
			buildSettings = {
				ASSETCATALOG_COMPILER_APPICON_NAME = AppIcon;
				CODE_SIGN_STYLE = Automatic;
				DEVELOPMENT_TEAM = "";
				INFOPLIST_FILE = "$(SRCROOT)/AVFoundation Quick Start Part 1/Supporting Files/Info.plist";
				LD_RUNPATH_SEARCH_PATHS = (
					"$(inherited)",
					"@executable_path/Frameworks",
				);
				PRODUCT_BUNDLE_IDENTIFIER = "com.unalignedbyte.avfoundation-quick-start-part-1";
				PRODUCT_NAME = "AVFQS Part 1";
				TARGETED_DEVICE_FAMILY = 1;
			};
			name = Release;
		};
/* End XCBuildConfiguration section */

/* Begin XCConfigurationList section */
		B547E8A6224BED2A00A8DCA1 /* Build configuration list for PBXProject "AVFoundation Quick Start Part 1" */ = {
			isa = XCConfigurationList;
			buildConfigurations = (
				B547E8BB224BED2C00A8DCA1 /* Debug */,
				B547E8BC224BED2C00A8DCA1 /* Release */,
			);
			defaultConfigurationIsVisible = 0;
			defaultConfigurationName = Release;
		};
		B547E8BD224BED2C00A8DCA1 /* Build configuration list for PBXNativeTarget "AVFoundation Quick Start Part 1" */ = {
			isa = XCConfigurationList;
			buildConfigurations = (
				B547E8BE224BED2C00A8DCA1 /* Debug */,
				B547E8BF224BED2C00A8DCA1 /* Release */,
			);
			defaultConfigurationIsVisible = 0;
			defaultConfigurationName = Release;
		};
/* End XCConfigurationList section */
	};
	rootObject = B547E8A3224BED2A00A8DCA1 /* Project object */;
}
